{
  "name": "t2-test",
  "version": "1.0.0",
  "lockfileVersion": 3,
  "requires": true,
  "packages": {
    "": {
      "name": "t2-test",
      "version": "1.0.0",
      "license": "ISC",
      "dependencies": {
        "kz-random-street": "^0.0.3"
      }
    },
    "node_modules/kz-random-street": {
      "version": "0.0.3",
      "resolved": "https://registry.npmjs.org/kz-random-street/-/kz-random-street-0.0.3.tgz",
      "integrity": "sha512-kIjbKuwjXU1irERcSx4s176kpmKdy/RI4ezAKdpIpNzvf/pIG1CXo4o5C9diOUS0CuapQIKVVLZoQ5oN999JiA=="
    }
  }
}
